<?xml version="1.0" encoding="UTF-8" standalone="yes" ?>
<CodeBlocks_project_file>
	<FileVersion major="1" minor="6" />
	<Project>
		<Option title="Light_dimmer" />
		<Option pch_mode="2" />
		<Option compiler="gcc" />
		<Build>
			<Target title="Debug">
				<Option output="bin/Debug/Light_dimmer" prefix_auto="1" extension_auto="1" />
				<Option object_output="obj/Debug/" />
				<Option type="0" />
				<Option compiler="gcc" />
				<Option projectLinkerOptionsRelation="2" />
				<Compiler>
					<Add option="-g" />
				</Compiler>
			</Target>
			<Target title="Release">
				<Option output="bin/Release/Light_dimmer" prefix_auto="1" extension_auto="1" />
				<Option object_output="obj/Release/" />
				<Option type="0" />
				<Option compiler="gcc" />
				<Option projectLinkerOptionsRelation="2" />
				<Compiler>
					<Add option="-O2" />
				</Compiler>
				<Linker>
					<Add option="-s" />
				</Linker>
			</Target>
		</Build>
		<Compiler>
			<Add option="`wx-config --cflags`" />
			<Add option='[[if (GetCompilerFactory().GetCompilerVersionString(_T(&quot;gcc&quot;)) &gt;= _T(&quot;4.8.0&quot;)) print(_T(&quot;-Wno-unused-local-typedefs&quot;));]]' />
			<Add option="-Wall" />
		</Compiler>
		<Linker>
			<Add option="`wx-config --libs`" />
		</Linker>
		<Unit filename="Connection_settings.cpp" />
		<Unit filename="Connection_settings.h" />
		<Unit filename="Light_dimmerApp.cpp" />
		<Unit filename="Light_dimmerApp.h" />
		<Unit filename="Light_dimmerMain.cpp" />
		<Unit filename="Light_dimmerMain.h" />
		<Unit filename="rs232.c">
			<Option compilerVar="CC" />
		</Unit>
		<Unit filename="rs232.h" />
		<Unit filename="wxsmith/Connection_settings.wxs" />
		<Unit filename="wxsmith/Light_dimmerframe.wxs" />
		<Extensions>
			<envvars />
			<code_completion />
			<wxsmith version="1">
				<gui name="wxWidgets" src="Light_dimmerApp.cpp" main="Light_dimmerFrame" init_handlers="necessary" language="CPP" />
				<resources>
					<wxFrame wxs="wxsmith/Light_dimmerframe.wxs" src="Light_dimmerMain.cpp" hdr="Light_dimmerMain.h" fwddecl="0" i18n="1" name="Light_dimmerFrame" language="CPP" />
					<wxDialog wxs="wxsmith/Connection_settings.wxs" src="Connection_settings.cpp" hdr="Connection_settings.h" fwddecl="0" i18n="1" name="Connection_settings" language="CPP" />
				</resources>
			</wxsmith>
			<debugger />
		</Extensions>
	</Project>
</CodeBlocks_project_file>
